
Microsoft Visual Studio Solution File, Format Version 12.00
# Visual Studio Version 16
VisualStudioVersion = 16.0.30907.101
MinimumVisualStudioVersion = 10.0.40219.1
Project("{9A19103F-16F7-4668-BE54-9A1E7A4F7556}") = "RestAPIClients", "RestAPIClients.csproj", "{63F72A3A-AF38-4C96-91E6-3328E7040F09}"
EndProject
Project("{FAE04EC0-301F-11D3-BF4B-00C04F79EFBC}") = "AuthApi", "..\AuthApi\AuthApi.csproj", "{5EF91C42-19FA-4009-A7FB-AA1FA7F1B1A5}"
EndProject
Global
	GlobalSection(SolutionConfigurationPlatforms) = preSolution
		Debug|Any CPU = Debug|Any CPU
		Release|Any CPU = Release|Any CPU
	EndGlobalSection
	GlobalSection(ProjectConfigurationPlatforms) = postSolution
		{63F72A3A-AF38-4C96-91E6-3328E7040F09}.Debug|Any CPU.ActiveCfg = Debug|Any CPU
		{63F72A3A-AF38-4C96-91E6-3328E7040F09}.Debug|Any CPU.Build.0 = Debug|Any CPU
		{63F72A3A-AF38-4C96-91E6-3328E7040F09}.Release|Any CPU.ActiveCfg = Release|Any CPU
		{63F72A3A-AF38-4C96-91E6-3328E7040F09}.Release|Any CPU.Build.0 = Release|Any CPU
		{5EF91C42-19FA-4009-A7FB-AA1FA7F1B1A5}.Debug|Any CPU.ActiveCfg = Debug|Any CPU
		{5EF91C42-19FA-4009-A7FB-AA1FA7F1B1A5}.Debug|Any CPU.Build.0 = Debug|Any CPU
		{5EF91C42-19FA-4009-A7FB-AA1FA7F1B1A5}.Release|Any CPU.ActiveCfg = Release|Any CPU
		{5EF91C42-19FA-4009-A7FB-AA1FA7F1B1A5}.Release|Any CPU.Build.0 = Release|Any CPU
	EndGlobalSection
	GlobalSection(SolutionProperties) = preSolution
		HideSolutionNode = FALSE
	EndGlobalSection
	GlobalSection(ExtensibilityGlobals) = postSolution
		SolutionGuid = {1C52A398-4551-4961-AEE1-1D9AA835711B}
	EndGlobalSection
EndGlobal
